
Microsoft Visual Studio Solution File, Format Version 12.00
# Visual Studio Version 17
VisualStudioVersion = 17.11.35327.3
MinimumVisualStudioVersion = 10.0.40219.1
Project("{8BC9CEB8-8B4A-11D0-8D11-00A0C91BC942}") = "dbfunctions", "dbfunctions.vcxproj", "{79230698-6CA8-45E4-BF32-357DE7CFAD17}"
EndProject
Global
	GlobalSection(SolutionConfigurationPlatforms) = preSolution
		Debug|x64 = Debug|x64
		Debug|x86 = Debug|x86
		Release|x64 = Release|x64
		Release|x86 = Release|x86
	EndGlobalSection
	GlobalSection(ProjectConfigurationPlatforms) = postSolution
		{79230698-6CA8-45E4-BF32-357DE7CFAD17}.Debug|x64.ActiveCfg = Debug|x64
		{79230698-6CA8-45E4-BF32-357DE7CFAD17}.Debug|x64.Build.0 = Debug|x64
		{79230698-6CA8-45E4-BF32-357DE7CFAD17}.Debug|x86.ActiveCfg = Debug|Win32
		{79230698-6CA8-45E4-BF32-357DE7CFAD17}.Debug|x86.Build.0 = Debug|Win32
		{79230698-6CA8-45E4-BF32-357DE7CFAD17}.Release|x64.ActiveCfg = Release|x64
		{79230698-6CA8-45E4-BF32-357DE7CFAD17}.Release|x64.Build.0 = Release|x64
		{79230698-6CA8-45E4-BF32-357DE7CFAD17}.Release|x86.ActiveCfg = Release|Win32
		{79230698-6CA8-45E4-BF32-357DE7CFAD17}.Release|x86.Build.0 = Release|Win32
	EndGlobalSection
	GlobalSection(SolutionProperties) = preSolution
		HideSolutionNode = FALSE
	EndGlobalSection
	GlobalSection(ExtensibilityGlobals) = postSolution
		SolutionGuid = {7A03BC33-32A4-4C41-B62A-9880B62D9A84}
	EndGlobalSection
EndGlobal
